
Microsoft Visual Studio Solution File, Format Version 12.00
# Visual Studio Version 17
VisualStudioVersion = 17.9.34616.47
MinimumVisualStudioVersion = 10.0.40219.1
Project("{2150E333-8FDC-42A3-9474-1A3956D46DE8}") = "02-CodeFirst", "02-CodeFirst", "{2534D6CC-D095-4E57-B2B3-3E35B3C1E233}"
EndProject
Project("{9A19103F-16F7-4668-BE54-9A1E7A4F7556}") = "11-DataAnnotionFluentAPI", "11-DataAnnotionFluentAPI\11-DataAnnotionFluentAPI.csproj", "{0DB71B4A-014D-4172-B4B3-FA8B13C29A9F}"
EndProject
Project("{9A19103F-16F7-4668-BE54-9A1E7A4F7556}") = "12-EducationDB", "12-EducationDB\12-EducationDB.csproj", "{38EB9FB4-8B8A-4266-9289-CCC275F1DD40}"
EndProject
Project("{9A19103F-16F7-4668-BE54-9A1E7A4F7556}") = "13-UrunEklemeOtomasyonu", "13-UrunEklemeOtomasyonu\13-UrunEklemeOtomasyonu.csproj", "{E63D6D9E-E624-4784-AC54-3DB7C46F2585}"
EndProject
Project("{2150E333-8FDC-42A3-9474-1A3956D46DE8}") = "03-Project", "03-Project", "{7C904B0E-F59D-42BD-885A-0B49CBEB1BE4}"
EndProject
Project("{9A19103F-16F7-4668-BE54-9A1E7A4F7556}") = "14-NTierMapping.DAL", "14-NTierMapping.DAL\14-NTierMapping.DAL.csproj", "{9E96F1F0-0AAB-4F75-9D9F-FAECAE451B1C}"
EndProject
Project("{9A19103F-16F7-4668-BE54-9A1E7A4F7556}") = "14-NTierMapping.DATA", "14-NTierMapping.DATA\14-NTierMapping.DATA.csproj", "{CB66F7C4-421C-43E9-B08A-582C3A8F48F6}"
EndProject
Project("{9A19103F-16F7-4668-BE54-9A1E7A4F7556}") = "14-NTierMapping.UI", "14-NTierMapping.UI\14-NTierMapping.UI.csproj", "{99BDEDD0-55F5-4CD9-A5AC-7978F558D192}"
EndProject
Project("{2150E333-8FDC-42A3-9474-1A3956D46DE8}") = "15-PersonelEkleme", "15-PersonelEkleme", "{4C982F4C-F6A5-4808-A345-2FBB272EB5D9}"
EndProject
Project("{9A19103F-16F7-4668-BE54-9A1E7A4F7556}") = "15-DATA", "15-DATA\15-DATA.csproj", "{F8659D91-1AF7-412C-8E97-26BB6828A01A}"
EndProject
Project("{9A19103F-16F7-4668-BE54-9A1E7A4F7556}") = "WinFormsApp1", "WinFormsApp1\WinFormsApp1.csproj", "{B2B66EE6-AABD-4348-A610-AC32256D727A}"
EndProject
Project("{9A19103F-16F7-4668-BE54-9A1E7A4F7556}") = "WinFormsApp2", "WinFormsApp2\WinFormsApp2.csproj", "{CDCA8CBF-45AF-46EA-8447-1E7EFFA6180D}"
EndProject
Project("{9A19103F-16F7-4668-BE54-9A1E7A4F7556}") = "WinFormsApp3", "WinFormsApp3\WinFormsApp3.csproj", "{1FD319CB-9AF9-4463-89D1-1457FC918BA1}"
EndProject
Project("{2150E333-8FDC-42A3-9474-1A3956D46DE8}") = "14-NTierMapping", "14-NTierMapping", "{45DD6ABD-2138-42E2-97D6-2BCB8C7AF5E7}"
EndProject
Project("{2150E333-8FDC-42A3-9474-1A3956D46DE8}") = "01-DatabaseFirstCore", "01-DatabaseFirstCore", "{D360EBED-D736-4717-994B-338104565D52}"
EndProject
Project("{FAE04EC0-301F-11D3-BF4B-00C04F79EFBC}") = "01-DatabaseFirstCore", "01-DatabaseFirstCore\01-DatabaseFirstCore.csproj", "{7E16051A-11FE-478B-AD52-DBE2D9396BD2}"
EndProject
Global
	GlobalSection(SolutionConfigurationPlatforms) = preSolution
		Debug|Any CPU = Debug|Any CPU
		Release|Any CPU = Release|Any CPU
	EndGlobalSection
	GlobalSection(ProjectConfigurationPlatforms) = postSolution
		{0DB71B4A-014D-4172-B4B3-FA8B13C29A9F}.Debug|Any CPU.ActiveCfg = Debug|Any CPU
		{0DB71B4A-014D-4172-B4B3-FA8B13C29A9F}.Debug|Any CPU.Build.0 = Debug|Any CPU
		{0DB71B4A-014D-4172-B4B3-FA8B13C29A9F}.Release|Any CPU.ActiveCfg = Release|Any CPU
		{0DB71B4A-014D-4172-B4B3-FA8B13C29A9F}.Release|Any CPU.Build.0 = Release|Any CPU
		{38EB9FB4-8B8A-4266-9289-CCC275F1DD40}.Debug|Any CPU.ActiveCfg = Debug|Any CPU
		{38EB9FB4-8B8A-4266-9289-CCC275F1DD40}.Debug|Any CPU.Build.0 = Debug|Any CPU
		{38EB9FB4-8B8A-4266-9289-CCC275F1DD40}.Release|Any CPU.ActiveCfg = Release|Any CPU
		{38EB9FB4-8B8A-4266-9289-CCC275F1DD40}.Release|Any CPU.Build.0 = Release|Any CPU
		{E63D6D9E-E624-4784-AC54-3DB7C46F2585}.Debug|Any CPU.ActiveCfg = Debug|Any CPU
		{E63D6D9E-E624-4784-AC54-3DB7C46F2585}.Debug|Any CPU.Build.0 = Debug|Any CPU
		{E63D6D9E-E624-4784-AC54-3DB7C46F2585}.Release|Any CPU.ActiveCfg = Release|Any CPU
		{E63D6D9E-E624-4784-AC54-3DB7C46F2585}.Release|Any CPU.Build.0 = Release|Any CPU
		{9E96F1F0-0AAB-4F75-9D9F-FAECAE451B1C}.Debug|Any CPU.ActiveCfg = Debug|Any CPU
		{9E96F1F0-0AAB-4F75-9D9F-FAECAE451B1C}.Debug|Any CPU.Build.0 = Debug|Any CPU
		{9E96F1F0-0AAB-4F75-9D9F-FAECAE451B1C}.Release|Any CPU.ActiveCfg = Release|Any CPU
		{9E96F1F0-0AAB-4F75-9D9F-FAECAE451B1C}.Release|Any CPU.Build.0 = Release|Any CPU
		{CB66F7C4-421C-43E9-B08A-582C3A8F48F6}.Debug|Any CPU.ActiveCfg = Debug|Any CPU
		{CB66F7C4-421C-43E9-B08A-582C3A8F48F6}.Debug|Any CPU.Build.0 = Debug|Any CPU
		{CB66F7C4-421C-43E9-B08A-582C3A8F48F6}.Release|Any CPU.ActiveCfg = Release|Any CPU
		{CB66F7C4-421C-43E9-B08A-582C3A8F48F6}.Release|Any CPU.Build.0 = Release|Any CPU
		{99BDEDD0-55F5-4CD9-A5AC-7978F558D192}.Debug|Any CPU.ActiveCfg = Debug|Any CPU
		{99BDEDD0-55F5-4CD9-A5AC-7978F558D192}.Debug|Any CPU.Build.0 = Debug|Any CPU
		{99BDEDD0-55F5-4CD9-A5AC-7978F558D192}.Release|Any CPU.ActiveCfg = Release|Any CPU
		{99BDEDD0-55F5-4CD9-A5AC-7978F558D192}.Release|Any CPU.Build.0 = Release|Any CPU
		{F8659D91-1AF7-412C-8E97-26BB6828A01A}.Debug|Any CPU.ActiveCfg = Debug|Any CPU
		{F8659D91-1AF7-412C-8E97-26BB6828A01A}.Debug|Any CPU.Build.0 = Debug|Any CPU
		{F8659D91-1AF7-412C-8E97-26BB6828A01A}.Release|Any CPU.ActiveCfg = Release|Any CPU
		{F8659D91-1AF7-412C-8E97-26BB6828A01A}.Release|Any CPU.Build.0 = Release|Any CPU
		{B2B66EE6-AABD-4348-A610-AC32256D727A}.Debug|Any CPU.ActiveCfg = Debug|Any CPU
		{B2B66EE6-AABD-4348-A610-AC32256D727A}.Debug|Any CPU.Build.0 = Debug|Any CPU
		{B2B66EE6-AABD-4348-A610-AC32256D727A}.Release|Any CPU.ActiveCfg = Release|Any CPU
		{B2B66EE6-AABD-4348-A610-AC32256D727A}.Release|Any CPU.Build.0 = Release|Any CPU
		{CDCA8CBF-45AF-46EA-8447-1E7EFFA6180D}.Debug|Any CPU.ActiveCfg = Debug|Any CPU
		{CDCA8CBF-45AF-46EA-8447-1E7EFFA6180D}.Debug|Any CPU.Build.0 = Debug|Any CPU
		{CDCA8CBF-45AF-46EA-8447-1E7EFFA6180D}.Release|Any CPU.ActiveCfg = Release|Any CPU
		{CDCA8CBF-45AF-46EA-8447-1E7EFFA6180D}.Release|Any CPU.Build.0 = Release|Any CPU
		{1FD319CB-9AF9-4463-89D1-1457FC918BA1}.Debug|Any CPU.ActiveCfg = Debug|Any CPU
		{1FD319CB-9AF9-4463-89D1-1457FC918BA1}.Debug|Any CPU.Build.0 = Debug|Any CPU
		{1FD319CB-9AF9-4463-89D1-1457FC918BA1}.Release|Any CPU.ActiveCfg = Release|Any CPU
		{1FD319CB-9AF9-4463-89D1-1457FC918BA1}.Release|Any CPU.Build.0 = Release|Any CPU
		{7E16051A-11FE-478B-AD52-DBE2D9396BD2}.Debug|Any CPU.ActiveCfg = Debug|Any CPU
		{7E16051A-11FE-478B-AD52-DBE2D9396BD2}.Debug|Any CPU.Build.0 = Debug|Any CPU
		{7E16051A-11FE-478B-AD52-DBE2D9396BD2}.Release|Any CPU.ActiveCfg = Release|Any CPU
		{7E16051A-11FE-478B-AD52-DBE2D9396BD2}.Release|Any CPU.Build.0 = Release|Any CPU
	EndGlobalSection
	GlobalSection(SolutionProperties) = preSolution
		HideSolutionNode = FALSE
	EndGlobalSection
	GlobalSection(NestedProjects) = preSolution
		{0DB71B4A-014D-4172-B4B3-FA8B13C29A9F} = {2534D6CC-D095-4E57-B2B3-3E35B3C1E233}
		{38EB9FB4-8B8A-4266-9289-CCC275F1DD40} = {2534D6CC-D095-4E57-B2B3-3E35B3C1E233}
		{E63D6D9E-E624-4784-AC54-3DB7C46F2585} = {2534D6CC-D095-4E57-B2B3-3E35B3C1E233}
		{9E96F1F0-0AAB-4F75-9D9F-FAECAE451B1C} = {45DD6ABD-2138-42E2-97D6-2BCB8C7AF5E7}
		{CB66F7C4-421C-43E9-B08A-582C3A8F48F6} = {45DD6ABD-2138-42E2-97D6-2BCB8C7AF5E7}
		{99BDEDD0-55F5-4CD9-A5AC-7978F558D192} = {45DD6ABD-2138-42E2-97D6-2BCB8C7AF5E7}
		{4C982F4C-F6A5-4808-A345-2FBB272EB5D9} = {7C904B0E-F59D-42BD-885A-0B49CBEB1BE4}
		{F8659D91-1AF7-412C-8E97-26BB6828A01A} = {4C982F4C-F6A5-4808-A345-2FBB272EB5D9}
		{B2B66EE6-AABD-4348-A610-AC32256D727A} = {4C982F4C-F6A5-4808-A345-2FBB272EB5D9}
		{CDCA8CBF-45AF-46EA-8447-1E7EFFA6180D} = {4C982F4C-F6A5-4808-A345-2FBB272EB5D9}
		{1FD319CB-9AF9-4463-89D1-1457FC918BA1} = {4C982F4C-F6A5-4808-A345-2FBB272EB5D9}
		{45DD6ABD-2138-42E2-97D6-2BCB8C7AF5E7} = {7C904B0E-F59D-42BD-885A-0B49CBEB1BE4}
		{7E16051A-11FE-478B-AD52-DBE2D9396BD2} = {D360EBED-D736-4717-994B-338104565D52}
	EndGlobalSection
	GlobalSection(ExtensibilityGlobals) = postSolution
		SolutionGuid = {DADFF06A-DBA5-4BB2-BF25-5E9389A6E8F8}
	EndGlobalSection
EndGlobal
